// !$*UTF8*$!
{
	archiveVersion = 1;
	classes = {
	};
	objectVersion = 46;
	objects = {

/* Begin PBXBuildFile section */
		094B97371D6444D300941E12 /* main.m in Sources */ = {isa = PBXBuildFile; fileRef = 094B97361D6444D300941E12 /* main.m */; };
		094B973A1D6444D300941E12 /* AppDelegate.m in Sources */ = {isa = PBXBuildFile; fileRef = 094B97391D6444D300941E12 /* AppDelegate.m */; };
		094B973D1D6444D300941E12 /* ViewController.m in Sources */ = {isa = PBXBuildFile; fileRef = 094B973C1D6444D300941E12 /* ViewController.m */; };
		094B97401D6444D300941E12 /* Main.storyboard in Resources */ = {isa = PBXBuildFile; fileRef = 094B973E1D6444D300941E12 /* Main.storyboard */; };
		094B97421D6444D300941E12 /* Assets.xcassets in Resources */ = {isa = PBXBuildFile; fileRef = 094B97411D6444D300941E12 /* Assets.xcassets */; };
		094B97451D6444D300941E12 /* LaunchScreen.storyboard in Resources */ = {isa = PBXBuildFile; fileRef = 094B97431D6444D300941E12 /* LaunchScreen.storyboard */; };
		094B97571D64450D00941E12 /* YMPullItemView.m in Sources */ = {isa = PBXBuildFile; fileRef = 094B974E1D64450D00941E12 /* YMPullItemView.m */; };
		094B97581D64450D00941E12 /* YMPullItemView.xib in Resources */ = {isa = PBXBuildFile; fileRef = 094B974F1D64450D00941E12 /* YMPullItemView.xib */; };
		094B97591D64450D00941E12 /* YMPullView.m in Sources */ = {isa = PBXBuildFile; fileRef = 094B97511D64450D00941E12 /* YMPullView.m */; };
		094B975A1D64450D00941E12 /* UIView+HDCore.m in Sources */ = {isa = PBXBuildFile; fileRef = 094B97551D64450D00941E12 /* UIView+HDCore.m */; };
		2DEE236B6B348E53AB2072BB /* libPods-HDPullDownViewDemo.a in Frameworks */ = {isa = PBXBuildFile; fileRef = 12303BFD189D919330AB2E32 /* libPods-HDPullDownViewDemo.a */; };
/* End PBXBuildFile section */

/* Begin PBXFileReference section */
		094B97321D6444D300941E12 /* HDPullDownViewDemo.app */ = {isa = PBXFileReference; explicitFileType = wrapper.application; includeInIndex = 0; path = HDPullDownViewDemo.app; sourceTree = BUILT_PRODUCTS_DIR; };
		094B97361D6444D300941E12 /* main.m */ = {isa = PBXFileReference; lastKnownFileType = sourcecode.c.objc; path = main.m; sourceTree = "<group>"; };
		094B97381D6444D300941E12 /* AppDelegate.h */ = {isa = PBXFileReference; lastKnownFileType = sourcecode.c.h; path = AppDelegate.h; sourceTree = "<group>"; };
		094B97391D6444D300941E12 /* AppDelegate.m */ = {isa = PBXFileReference; lastKnownFileType = sourcecode.c.objc; path = AppDelegate.m; sourceTree = "<group>"; };
		094B973B1D6444D300941E12 /* ViewController.h */ = {isa = PBXFileReference; lastKnownFileType = sourcecode.c.h; path = ViewController.h; sourceTree = "<group>"; };
		094B973C1D6444D300941E12 /* ViewController.m */ = {isa = PBXFileReference; lastKnownFileType = sourcecode.c.objc; path = ViewController.m; sourceTree = "<group>"; };
		094B973F1D6444D300941E12 /* Base */ = {isa = PBXFileReference; lastKnownFileType = file.storyboard; name = Base; path = Base.lproj/Main.storyboard; sourceTree = "<group>"; };
		094B97411D6444D300941E12 /* Assets.xcassets */ = {isa = PBXFileReference; lastKnownFileType = folder.assetcatalog; path = Assets.xcassets; sourceTree = "<group>"; };
		094B97441D6444D300941E12 /* Base */ = {isa = PBXFileReference; lastKnownFileType = file.storyboard; name = Base; path = Base.lproj/LaunchScreen.storyboard; sourceTree = "<group>"; };
		094B97461D6444D300941E12 /* Info.plist */ = {isa = PBXFileReference; lastKnownFileType = text.plist.xml; path = Info.plist; sourceTree = "<group>"; };
		094B974D1D64450D00941E12 /* YMPullItemView.h */ = {isa = PBXFileReference; fileEncoding = 4; lastKnownFileType = sourcecode.c.h; path = YMPullItemView.h; sourceTree = "<group>"; };
		094B974E1D64450D00941E12 /* YMPullItemView.m */ = {isa = PBXFileReference; fileEncoding = 4; lastKnownFileType = sourcecode.c.objc; path = YMPullItemView.m; sourceTree = "<group>"; };
		094B974F1D64450D00941E12 /* YMPullItemView.xib */ = {isa = PBXFileReference; fileEncoding = 4; lastKnownFileType = file.xib; path = YMPullItemView.xib; sourceTree = "<group>"; };
		094B97501D64450D00941E12 /* YMPullView.h */ = {isa = PBXFileReference; fileEncoding = 4; lastKnownFileType = sourcecode.c.h; path = YMPullView.h; sourceTree = "<group>"; };
		094B97511D64450D00941E12 /* YMPullView.m */ = {isa = PBXFileReference; fileEncoding = 4; lastKnownFileType = sourcecode.c.objc; path = YMPullView.m; sourceTree = "<group>"; };
		094B97531D64450D00941E12 /* HDUtilsMacro.h */ = {isa = PBXFileReference; fileEncoding = 4; lastKnownFileType = sourcecode.c.h; path = HDUtilsMacro.h; sourceTree = "<group>"; };
		094B97541D64450D00941E12 /* UIView+HDCore.h */ = {isa = PBXFileReference; fileEncoding = 4; lastKnownFileType = sourcecode.c.h; path = "UIView+HDCore.h"; sourceTree = "<group>"; };
		094B97551D64450D00941E12 /* UIView+HDCore.m */ = {isa = PBXFileReference; fileEncoding = 4; lastKnownFileType = sourcecode.c.objc; path = "UIView+HDCore.m"; sourceTree = "<group>"; };
		094B97561D64450D00941E12 /* YMColorMacro.h */ = {isa = PBXFileReference; fileEncoding = 4; lastKnownFileType = sourcecode.c.h; path = YMColorMacro.h; sourceTree = "<group>"; };
		12303BFD189D919330AB2E32 /* libPods-HDPullDownViewDemo.a */ = {isa = PBXFileReference; explicitFileType = archive.ar; includeInIndex = 0; path = "libPods-HDPullDownViewDemo.a"; sourceTree = BUILT_PRODUCTS_DIR; };
		2683BAFAF2C05A496B6F365F /* Pods-HDPullDownViewDemo.release.xcconfig */ = {isa = PBXFileReference; includeInIndex = 1; lastKnownFileType = text.xcconfig; name = "Pods-HDPullDownViewDemo.release.xcconfig"; path = "Pods/Target Support Files/Pods-HDPullDownViewDemo/Pods-HDPullDownViewDemo.release.xcconfig"; sourceTree = "<group>"; };
		AC160F80772B6943912EDFEC /* Pods-HDPullDownViewDemo.debug.xcconfig */ = {isa = PBXFileReference; includeInIndex = 1; lastKnownFileType = text.xcconfig; name = "Pods-HDPullDownViewDemo.debug.xcconfig"; path = "Pods/Target Support Files/Pods-HDPullDownViewDemo/Pods-HDPullDownViewDemo.debug.xcconfig"; sourceTree = "<group>"; };
/* End PBXFileReference section */

/* Begin PBXFrameworksBuildPhase section */
		094B972F1D6444D300941E12 /* Frameworks */ = {
			isa = PBXFrameworksBuildPhase;
			buildActionMask = 2147483647;
			files = (
				2DEE236B6B348E53AB2072BB /* libPods-HDPullDownViewDemo.a in Frameworks */,
			);
			runOnlyForDeploymentPostprocessing = 0;
		};
/* End PBXFrameworksBuildPhase section */

/* Begin PBXGroup section */
		094B97291D6444D300941E12 = {
			isa = PBXGroup;
			children = (
				094B974C1D64450D00941E12 /* HDPullDownView */,
				094B97341D6444D300941E12 /* HDPullDownViewDemo */,
				094B97331D6444D300941E12 /* Products */,
				FA8CB47141435EF566068149 /* Pods */,
				BDEA04F8697C0BE473EC4D3A /* Frameworks */,
			);
			sourceTree = "<group>";
		};
		094B97331D6444D300941E12 /* Products */ = {
			isa = PBXGroup;
			children = (
				094B97321D6444D300941E12 /* HDPullDownViewDemo.app */,
			);
			name = Products;
			sourceTree = "<group>";
		};
		094B97341D6444D300941E12 /* HDPullDownViewDemo */ = {
			isa = PBXGroup;
			children = (
				094B97381D6444D300941E12 /* AppDelegate.h */,
				094B97391D6444D300941E12 /* AppDelegate.m */,
				094B973B1D6444D300941E12 /* ViewController.h */,
				094B973C1D6444D300941E12 /* ViewController.m */,
				094B973E1D6444D300941E12 /* Main.storyboard */,
				094B97411D6444D300941E12 /* Assets.xcassets */,
				094B97431D6444D300941E12 /* LaunchScreen.storyboard */,
				094B97461D6444D300941E12 /* Info.plist */,
				094B97351D6444D300941E12 /* Supporting Files */,
			);
			path = HDPullDownViewDemo;
			sourceTree = "<group>";
		};
		094B97351D6444D300941E12 /* Supporting Files */ = {
			isa = PBXGroup;
			children = (
				094B97361D6444D300941E12 /* main.m */,
			);
			name = "Supporting Files";
			sourceTree = "<group>";
		};
		094B974C1D64450D00941E12 /* HDPullDownView */ = {
			isa = PBXGroup;
			children = (
				094B974D1D64450D00941E12 /* YMPullItemView.h */,
				094B974E1D64450D00941E12 /* YMPullItemView.m */,
				094B974F1D64450D00941E12 /* YMPullItemView.xib */,
				094B97501D64450D00941E12 /* YMPullView.h */,
				094B97511D64450D00941E12 /* YMPullView.m */,
				094B97521D64450D00941E12 /* 基本 */,
			);
			path = HDPullDownView;
			sourceTree = "<group>";
		};
		094B97521D64450D00941E12 /* 基本 */ = {
			isa = PBXGroup;
			children = (
				094B97531D64450D00941E12 /* HDUtilsMacro.h */,
				094B97541D64450D00941E12 /* UIView+HDCore.h */,
				094B97551D64450D00941E12 /* UIView+HDCore.m */,
				094B97561D64450D00941E12 /* YMColorMacro.h */,
			);
			path = "基本";
			sourceTree = "<group>";
		};
		BDEA04F8697C0BE473EC4D3A /* Frameworks */ = {
			isa = PBXGroup;
			children = (
				12303BFD189D919330AB2E32 /* libPods-HDPullDownViewDemo.a */,
			);
			name = Frameworks;
			sourceTree = "<group>";
		};
		FA8CB47141435EF566068149 /* Pods */ = {
			isa = PBXGroup;
			children = (
				AC160F80772B6943912EDFEC /* Pods-HDPullDownViewDemo.debug.xcconfig */,
				2683BAFAF2C05A496B6F365F /* Pods-HDPullDownViewDemo.release.xcconfig */,
			);
			name = Pods;
			sourceTree = "<group>";
		};
/* End PBXGroup section */

/* Begin PBXNativeTarget section */
		094B97311D6444D300941E12 /* HDPullDownViewDemo */ = {
			isa = PBXNativeTarget;
			buildConfigurationList = 094B97491D6444D300941E12 /* Build configuration list for PBXNativeTarget "HDPullDownViewDemo" */;
			buildPhases = (
				ED6519694DAB3CD041DF9B61 /* 📦 Check Pods Manifest.lock */,
				094B972E1D6444D300941E12 /* Sources */,
				094B972F1D6444D300941E12 /* Frameworks */,
				094B97301D6444D300941E12 /* Resources */,
				3078C90CD3D12D7F0DE3AF19 /* 📦 Embed Pods Frameworks */,
				70883CE8E7A1C766D48DCB6F /* 📦 Copy Pods Resources */,
			);
			buildRules = (
			);
			dependencies = (
			);
			name = HDPullDownViewDemo;
			productName = HDPullDownViewDemo;
			productReference = 094B97321D6444D300941E12 /* HDPullDownViewDemo.app */;
			productType = "com.apple.product-type.application";
		};
/* End PBXNativeTarget section */

/* Begin PBXProject section */
		094B972A1D6444D300941E12 /* Project object */ = {
			isa = PBXProject;
			attributes = {
				LastUpgradeCheck = 0730;
				ORGANIZATIONNAME = "张达棣";
				TargetAttributes = {
					094B97311D6444D300941E12 = {
						CreatedOnToolsVersion = 7.3;
					};
				};
			};
			buildConfigurationList = 094B972D1D6444D300941E12 /* Build configuration list for PBXProject "HDPullDownViewDemo" */;
			compatibilityVersion = "Xcode 3.2";
			developmentRegion = English;
			hasScannedForEncodings = 0;
			knownRegions = (
				en,
				Base,
			);
			mainGroup = 094B97291D6444D300941E12;
			productRefGroup = 094B97331D6444D300941E12 /* Products */;
			projectDirPath = "";
			projectRoot = "";
			targets = (
				094B97311D6444D300941E12 /* HDPullDownViewDemo */,
			);
		};
/* End PBXProject section */

/* Begin PBXResourcesBuildPhase section */
		094B97301D6444D300941E12 /* Resources */ = {
			isa = PBXResourcesBuildPhase;
			buildActionMask = 2147483647;
			files = (
				094B97581D64450D00941E12 /* YMPullItemView.xib in Resources */,
				094B97451D6444D300941E12 /* LaunchScreen.storyboard in Resources */,
				094B97421D6444D300941E12 /* Assets.xcassets in Resources */,
				094B97401D6444D300941E12 /* Main.storyboard in Resources */,
			);
			runOnlyForDeploymentPostprocessing = 0;
		};
/* End PBXResourcesBuildPhase section */

/* Begin PBXShellScriptBuildPhase section */
		3078C90CD3D12D7F0DE3AF19 /* 📦 Embed Pods Frameworks */ = {
			isa = PBXShellScriptBuildPhase;
			buildActionMask = 2147483647;
			files = (
			);
			inputPaths = (
			);
			name = "📦 Embed Pods Frameworks";
			outputPaths = (
			);
			runOnlyForDeploymentPostprocessing = 0;
			shellPath = /bin/sh;
			shellScript = "\"${SRCROOT}/Pods/Target Support Files/Pods-HDPullDownViewDemo/Pods-HDPullDownViewDemo-frameworks.sh\"\n";
			showEnvVarsInLog = 0;
		};
		70883CE8E7A1C766D48DCB6F /* 📦 Copy Pods Resources */ = {
			isa = PBXShellScriptBuildPhase;
			buildActionMask = 2147483647;
			files = (
			);
			inputPaths = (
			);
			name = "📦 Copy Pods Resources";
			outputPaths = (
			);
			runOnlyForDeploymentPostprocessing = 0;
			shellPath = /bin/sh;
			shellScript = "\"${SRCROOT}/Pods/Target Support Files/Pods-HDPullDownViewDemo/Pods-HDPullDownViewDemo-resources.sh\"\n";
			showEnvVarsInLog = 0;
		};
		ED6519694DAB3CD041DF9B61 /* 📦 Check Pods Manifest.lock */ = {
			isa = PBXShellScriptBuildPhase;
			buildActionMask = 2147483647;
			files = (
			);
			inputPaths = (
			);
			name = "📦 Check Pods Manifest.lock";
			outputPaths = (
			);
			runOnlyForDeploymentPostprocessing = 0;
			shellPath = /bin/sh;
			shellScript = "diff \"${PODS_ROOT}/../Podfile.lock\" \"${PODS_ROOT}/Manifest.lock\" > /dev/null\nif [[ $? != 0 ]] ; then\n    cat << EOM\nerror: The sandbox is not in sync with the Podfile.lock. Run 'pod install' or update your CocoaPods installation.\nEOM\n    exit 1\nfi\n";
			showEnvVarsInLog = 0;
		};
/* End PBXShellScriptBuildPhase section */

/* Begin PBXSourcesBuildPhase section */
		094B972E1D6444D300941E12 /* Sources */ = {
			isa = PBXSourcesBuildPhase;
			buildActionMask = 2147483647;
			files = (
				094B97571D64450D00941E12 /* YMPullItemView.m in Sources */,
				094B975A1D64450D00941E12 /* UIView+HDCore.m in Sources */,
				094B973D1D6444D300941E12 /* ViewController.m in Sources */,
				094B97591D64450D00941E12 /* YMPullView.m in Sources */,
				094B973A1D6444D300941E12 /* AppDelegate.m in Sources */,
				094B97371D6444D300941E12 /* main.m in Sources */,
			);
			runOnlyForDeploymentPostprocessing = 0;
		};
/* End PBXSourcesBuildPhase section */

/* Begin PBXVariantGroup section */
		094B973E1D6444D300941E12 /* Main.storyboard */ = {
			isa = PBXVariantGroup;
			children = (
				094B973F1D6444D300941E12 /* Base */,
			);
			name = Main.storyboard;
			sourceTree = "<group>";
		};
		094B97431D6444D300941E12 /* LaunchScreen.storyboard */ = {
			isa = PBXVariantGroup;
			children = (
				094B97441D6444D300941E12 /* Base */,
			);
			name = LaunchScreen.storyboard;
			sourceTree = "<group>";
		};
/* End PBXVariantGroup section */

/* Begin XCBuildConfiguration section */
		094B97471D6444D300941E12 /* Debug */ = {
			isa = XCBuildConfiguration;
			buildSettings = {
				ALWAYS_SEARCH_USER_PATHS = NO;
				CLANG_ANALYZER_NONNULL = YES;
				CLANG_CXX_LANGUAGE_STANDARD = "gnu++0x";
				CLANG_CXX_LIBRARY = "libc++";
				CLANG_ENABLE_MODULES = YES;
				CLANG_ENABLE_OBJC_ARC = YES;
				CLANG_WARN_BOOL_CONVERSION = YES;
				CLANG_WARN_CONSTANT_CONVERSION = YES;
				CLANG_WARN_DIRECT_OBJC_ISA_USAGE = YES_ERROR;
				CLANG_WARN_EMPTY_BODY = YES;
				CLANG_WARN_ENUM_CONVERSION = YES;
				CLANG_WARN_INT_CONVERSION = YES;
				CLANG_WARN_OBJC_ROOT_CLASS = YES_ERROR;
				CLANG_WARN_UNREACHABLE_CODE = YES;
				CLANG_WARN__DUPLICATE_METHOD_MATCH = YES;
				"CODE_SIGN_IDENTITY[sdk=iphoneos*]" = "iPhone Developer";
				COPY_PHASE_STRIP = NO;
				DEBUG_INFORMATION_FORMAT = dwarf;
				ENABLE_STRICT_OBJC_MSGSEND = YES;
				ENABLE_TESTABILITY = YES;
				GCC_C_LANGUAGE_STANDARD = gnu99;
				GCC_DYNAMIC_NO_PIC = NO;
				GCC_NO_COMMON_BLOCKS = YES;
				GCC_OPTIMIZATION_LEVEL = 0;
				GCC_PREPROCESSOR_DEFINITIONS = (
					"DEBUG=1",
					"$(inherited)",
				);
				GCC_WARN_64_TO_32_BIT_CONVERSION = YES;
				GCC_WARN_ABOUT_RETURN_TYPE = YES_ERROR;
				GCC_WARN_UNDECLARED_SELECTOR = YES;
				GCC_WARN_UNINITIALIZED_AUTOS = YES_AGGRESSIVE;
				GCC_WARN_UNUSED_FUNCTION = YES;
				GCC_WARN_UNUSED_VARIABLE = YES;
				IPHONEOS_DEPLOYMENT_TARGET = 9.3;
				MTL_ENABLE_DEBUG_INFO = YES;
				ONLY_ACTIVE_ARCH = YES;
				SDKROOT = iphoneos;
				TARGETED_DEVICE_FAMILY = "1,2";
			};
			name = Debug;
		};
		094B97481D6444D300941E12 /* Release */ = {
			isa = XCBuildConfiguration;
			buildSettings = {
				ALWAYS_SEARCH_USER_PATHS = NO;
				CLANG_ANALYZER_NONNULL = YES;
				CLANG_CXX_LANGUAGE_STANDARD = "gnu++0x";
				CLANG_CXX_LIBRARY = "libc++";
				CLANG_ENABLE_MODULES = YES;
				CLANG_ENABLE_OBJC_ARC = YES;
				CLANG_WARN_BOOL_CONVERSION = YES;
				CLANG_WARN_CONSTANT_CONVERSION = YES;
				CLANG_WARN_DIRECT_OBJC_ISA_USAGE = YES_ERROR;
				CLANG_WARN_EMPTY_BODY = YES;
				CLANG_WARN_ENUM_CONVERSION = YES;
				CLANG_WARN_INT_CONVERSION = YES;
				CLANG_WARN_OBJC_ROOT_CLASS = YES_ERROR;
				CLANG_WARN_UNREACHABLE_CODE = YES;
				CLANG_WARN__DUPLICATE_METHOD_MATCH = YES;
				"CODE_SIGN_IDENTITY[sdk=iphoneos*]" = "iPhone Developer";
				COPY_PHASE_STRIP = NO;
				DEBUG_INFORMATION_FORMAT = "dwarf-with-dsym";
				ENABLE_NS_ASSERTIONS = NO;
				ENABLE_STRICT_OBJC_MSGSEND = YES;
				GCC_C_LANGUAGE_STANDARD = gnu99;
				GCC_NO_COMMON_BLOCKS = YES;
				GCC_WARN_64_TO_32_BIT_CONVERSION = YES;
				GCC_WARN_ABOUT_RETURN_TYPE = YES_ERROR;
				GCC_WARN_UNDECLARED_SELECTOR = YES;
				GCC_WARN_UNINITIALIZED_AUTOS = YES_AGGRESSIVE;
				GCC_WARN_UNUSED_FUNCTION = YES;
				GCC_WARN_UNUSED_VARIABLE = YES;
				IPHONEOS_DEPLOYMENT_TARGET = 9.3;
				MTL_ENABLE_DEBUG_INFO = NO;
				SDKROOT = iphoneos;
				TARGETED_DEVICE_FAMILY = "1,2";
				VALIDATE_PRODUCT = YES;
			};
			name = Release;
		};
		094B974A1D6444D300941E12 /* Debug */ = {
			isa = XCBuildConfiguration;
			baseConfigurationReference = AC160F80772B6943912EDFEC /* Pods-HDPullDownViewDemo.debug.xcconfig */;
			buildSettings = {
				ASSETCATALOG_COMPILER_APPICON_NAME = AppIcon;
				INFOPLIST_FILE = HDPullDownViewDemo/Info.plist;
				LD_RUNPATH_SEARCH_PATHS = "$(inherited) @executable_path/Frameworks";
				PRODUCT_BUNDLE_IDENTIFIER = HD.HDPullDownViewDemo;
				PRODUCT_NAME = "$(TARGET_NAME)";
			};
			name = Debug;
		};
		094B974B1D6444D300941E12 /* Release */ = {
			isa = XCBuildConfiguration;
			baseConfigurationReference = 2683BAFAF2C05A496B6F365F /* Pods-HDPullDownViewDemo.release.xcconfig */;
			buildSettings = {
				ASSETCATALOG_COMPILER_APPICON_NAME = AppIcon;
				INFOPLIST_FILE = HDPullDownViewDemo/Info.plist;
				LD_RUNPATH_SEARCH_PATHS = "$(inherited) @executable_path/Frameworks";
				PRODUCT_BUNDLE_IDENTIFIER = HD.HDPullDownViewDemo;
				PRODUCT_NAME = "$(TARGET_NAME)";
			};
			name = Release;
		};
/* End XCBuildConfiguration section */

/* Begin XCConfigurationList section */
		094B972D1D6444D300941E12 /* Build configuration list for PBXProject "HDPullDownViewDemo" */ = {
			isa = XCConfigurationList;
			buildConfigurations = (
				094B97471D6444D300941E12 /* Debug */,
				094B97481D6444D300941E12 /* Release */,
			);
			defaultConfigurationIsVisible = 0;
			defaultConfigurationName = Release;
		};
		094B97491D6444D300941E12 /* Build configuration list for PBXNativeTarget "HDPullDownViewDemo" */ = {
			isa = XCConfigurationList;
			buildConfigurations = (
				094B974A1D6444D300941E12 /* Debug */,
				094B974B1D6444D300941E12 /* Release */,
			);
			defaultConfigurationIsVisible = 0;
			defaultConfigurationName = Release;
		};
/* End XCConfigurationList section */
	};
	rootObject = 094B972A1D6444D300941E12 /* Project object */;
}
